
Microsoft Visual Studio Solution File, Format Version 12.00
# Visual Studio Version 16
VisualStudioVersion = 16.0.29102.190
MinimumVisualStudioVersion = 10.0.40219.1
Project("{FAE04EC0-301F-11D3-BF4B-00C04F79EFBC}") = "KataSolvedInCSharp", "KataSolvedInCSharp.csproj", "{ABC7D2D4-0499-4739-9552-F66834784C44}"
EndProject
Global
	GlobalSection(SolutionConfigurationPlatforms) = preSolution
		Debug|Any CPU = Debug|Any CPU
		Release|Any CPU = Release|Any CPU
	EndGlobalSection
	GlobalSection(ProjectConfigurationPlatforms) = postSolution
		{ABC7D2D4-0499-4739-9552-F66834784C44}.Debug|Any CPU.ActiveCfg = Debug|Any CPU
		{ABC7D2D4-0499-4739-9552-F66834784C44}.Debug|Any CPU.Build.0 = Debug|Any CPU
		{ABC7D2D4-0499-4739-9552-F66834784C44}.Release|Any CPU.ActiveCfg = Release|Any CPU
		{ABC7D2D4-0499-4739-9552-F66834784C44}.Release|Any CPU.Build.0 = Release|Any CPU
	EndGlobalSection
	GlobalSection(SolutionProperties) = preSolution
		HideSolutionNode = FALSE
	EndGlobalSection
	GlobalSection(ExtensibilityGlobals) = postSolution
		SolutionGuid = {C679725E-910F-4FC2-9A6B-EDB1DC4B5097}
	EndGlobalSection
EndGlobal
